// !$*UTF8*$!
{
	archiveVersion = 1;
	classes = {
	};
	objectVersion = 56;
	objects = {

/* Begin PBXBuildFile section */
		6947BD332B2D9C8F00E4CF7C /* AppDelegate.swift in Sources */ = {isa = PBXBuildFile; fileRef = 6947BD322B2D9C8F00E4CF7C /* AppDelegate.swift */; };
		6947BD352B2D9C8F00E4CF7C /* SceneDelegate.swift in Sources */ = {isa = PBXBuildFile; fileRef = 6947BD342B2D9C8F00E4CF7C /* SceneDelegate.swift */; };
		6947BD372B2D9C8F00E4CF7C /* FeatureAViewController.swift in Sources */ = {isa = PBXBuildFile; fileRef = 6947BD362B2D9C8F00E4CF7C /* FeatureAViewController.swift */; };
		6947BD3C2B2D9C9000E4CF7C /* Assets.xcassets in Resources */ = {isa = PBXBuildFile; fileRef = 6947BD3B2B2D9C9000E4CF7C /* Assets.xcassets */; };
		6947BD3F2B2D9C9000E4CF7C /* LaunchScreen.storyboard in Resources */ = {isa = PBXBuildFile; fileRef = 6947BD3D2B2D9C9000E4CF7C /* LaunchScreen.storyboard */; };
		6947BD4E2B2D9E3A00E4CF7C /* FeatureA.h in Headers */ = {isa = PBXBuildFile; fileRef = 6947BD4D2B2D9E3A00E4CF7C /* FeatureA.h */; settings = {ATTRIBUTES = (Public, ); }; };
		6947BD512B2D9E3A00E4CF7C /* FeatureA.framework in Frameworks */ = {isa = PBXBuildFile; fileRef = 6947BD4B2B2D9E3A00E4CF7C /* FeatureA.framework */; };
		6947BD522B2D9E3A00E4CF7C /* FeatureA.framework in Embed Frameworks */ = {isa = PBXBuildFile; fileRef = 6947BD4B2B2D9E3A00E4CF7C /* FeatureA.framework */; settings = {ATTRIBUTES = (CodeSignOnCopy, RemoveHeadersOnCopy, ); }; };
		6947BD5F2B2D9E5600E4CF7C /* FeatureB.h in Headers */ = {isa = PBXBuildFile; fileRef = 6947BD5E2B2D9E5600E4CF7C /* FeatureB.h */; settings = {ATTRIBUTES = (Public, ); }; };
		6947BD622B2D9E5600E4CF7C /* FeatureB.framework in Frameworks */ = {isa = PBXBuildFile; fileRef = 6947BD5C2B2D9E5600E4CF7C /* FeatureB.framework */; };
		6947BD632B2D9E5600E4CF7C /* FeatureB.framework in Embed Frameworks */ = {isa = PBXBuildFile; fileRef = 6947BD5C2B2D9E5600E4CF7C /* FeatureB.framework */; settings = {ATTRIBUTES = (CodeSignOnCopy, RemoveHeadersOnCopy, ); }; };
		6947BD682B2D9EC800E4CF7C /* FeatureAContainer.swift in Sources */ = {isa = PBXBuildFile; fileRef = 6947BD672B2D9EC800E4CF7C /* FeatureAContainer.swift */; };
		6947BD6A2B2DA02D00E4CF7C /* FeatureBContainer.swift in Sources */ = {isa = PBXBuildFile; fileRef = 6947BD692B2DA02D00E4CF7C /* FeatureBContainer.swift */; };
		6947BD6C2B2DA14A00E4CF7C /* FeatureBViewController.swift in Sources */ = {isa = PBXBuildFile; fileRef = 6947BD6B2B2DA14A00E4CF7C /* FeatureBViewController.swift */; };
		6947BD6E2B2DA7A600E4CF7C /* MainViewController.swift in Sources */ = {isa = PBXBuildFile; fileRef = 6947BD6D2B2DA7A600E4CF7C /* MainViewController.swift */; };
/* End PBXBuildFile section */

/* Begin PBXContainerItemProxy section */
		6947BD4F2B2D9E3A00E4CF7C /* PBXContainerItemProxy */ = {
			isa = PBXContainerItemProxy;
			containerPortal = 6947BD272B2D9C8F00E4CF7C /* Project object */;
			proxyType = 1;
			remoteGlobalIDString = 6947BD4A2B2D9E3A00E4CF7C;
			remoteInfo = FeatureA;
		};
		6947BD602B2D9E5600E4CF7C /* PBXContainerItemProxy */ = {
			isa = PBXContainerItemProxy;
			containerPortal = 6947BD272B2D9C8F00E4CF7C /* Project object */;
			proxyType = 1;
			remoteGlobalIDString = 6947BD5B2B2D9E5600E4CF7C;
			remoteInfo = FeatureB;
		};
/* End PBXContainerItemProxy section */

/* Begin PBXCopyFilesBuildPhase section */
		6947BD562B2D9E3A00E4CF7C /* Embed Frameworks */ = {
			isa = PBXCopyFilesBuildPhase;
			buildActionMask = 2147483647;
			dstPath = "";
			dstSubfolderSpec = 10;
			files = (
				6947BD632B2D9E5600E4CF7C /* FeatureB.framework in Embed Frameworks */,
				6947BD522B2D9E3A00E4CF7C /* FeatureA.framework in Embed Frameworks */,
			);
			name = "Embed Frameworks";
			runOnlyForDeploymentPostprocessing = 0;
		};
/* End PBXCopyFilesBuildPhase section */

/* Begin PBXFileReference section */
		6947BD2F2B2D9C8F00E4CF7C /* UIKitSwiftUISample.app */ = {isa = PBXFileReference; explicitFileType = wrapper.application; includeInIndex = 0; path = UIKitSwiftUISample.app; sourceTree = BUILT_PRODUCTS_DIR; };
		6947BD322B2D9C8F00E4CF7C /* AppDelegate.swift */ = {isa = PBXFileReference; lastKnownFileType = sourcecode.swift; path = AppDelegate.swift; sourceTree = "<group>"; };
		6947BD342B2D9C8F00E4CF7C /* SceneDelegate.swift */ = {isa = PBXFileReference; lastKnownFileType = sourcecode.swift; path = SceneDelegate.swift; sourceTree = "<group>"; };
		6947BD362B2D9C8F00E4CF7C /* FeatureAViewController.swift */ = {isa = PBXFileReference; lastKnownFileType = sourcecode.swift; path = FeatureAViewController.swift; sourceTree = "<group>"; };
		6947BD3B2B2D9C9000E4CF7C /* Assets.xcassets */ = {isa = PBXFileReference; lastKnownFileType = folder.assetcatalog; path = Assets.xcassets; sourceTree = "<group>"; };
		6947BD3E2B2D9C9000E4CF7C /* Base */ = {isa = PBXFileReference; lastKnownFileType = file.storyboard; name = Base; path = Base.lproj/LaunchScreen.storyboard; sourceTree = "<group>"; };
		6947BD402B2D9C9000E4CF7C /* Info.plist */ = {isa = PBXFileReference; lastKnownFileType = text.plist.xml; path = Info.plist; sourceTree = "<group>"; };
		6947BD4B2B2D9E3A00E4CF7C /* FeatureA.framework */ = {isa = PBXFileReference; explicitFileType = wrapper.framework; includeInIndex = 0; path = FeatureA.framework; sourceTree = BUILT_PRODUCTS_DIR; };
		6947BD4D2B2D9E3A00E4CF7C /* FeatureA.h */ = {isa = PBXFileReference; lastKnownFileType = sourcecode.c.h; path = FeatureA.h; sourceTree = "<group>"; };
		6947BD5C2B2D9E5600E4CF7C /* FeatureB.framework */ = {isa = PBXFileReference; explicitFileType = wrapper.framework; includeInIndex = 0; path = FeatureB.framework; sourceTree = BUILT_PRODUCTS_DIR; };
		6947BD5E2B2D9E5600E4CF7C /* FeatureB.h */ = {isa = PBXFileReference; lastKnownFileType = sourcecode.c.h; path = FeatureB.h; sourceTree = "<group>"; };
		6947BD672B2D9EC800E4CF7C /* FeatureAContainer.swift */ = {isa = PBXFileReference; lastKnownFileType = sourcecode.swift; path = FeatureAContainer.swift; sourceTree = "<group>"; };
		6947BD692B2DA02D00E4CF7C /* FeatureBContainer.swift */ = {isa = PBXFileReference; lastKnownFileType = sourcecode.swift; path = FeatureBContainer.swift; sourceTree = "<group>"; };
		6947BD6B2B2DA14A00E4CF7C /* FeatureBViewController.swift */ = {isa = PBXFileReference; lastKnownFileType = sourcecode.swift; path = FeatureBViewController.swift; sourceTree = "<group>"; };
		6947BD6D2B2DA7A600E4CF7C /* MainViewController.swift */ = {isa = PBXFileReference; lastKnownFileType = sourcecode.swift; path = MainViewController.swift; sourceTree = "<group>"; };
/* End PBXFileReference section */

/* Begin PBXFrameworksBuildPhase section */
		6947BD2C2B2D9C8F00E4CF7C /* Frameworks */ = {
			isa = PBXFrameworksBuildPhase;
			buildActionMask = 2147483647;
			files = (
				6947BD622B2D9E5600E4CF7C /* FeatureB.framework in Frameworks */,
				6947BD512B2D9E3A00E4CF7C /* FeatureA.framework in Frameworks */,
			);
			runOnlyForDeploymentPostprocessing = 0;
		};
		6947BD482B2D9E3A00E4CF7C /* Frameworks */ = {
			isa = PBXFrameworksBuildPhase;
			buildActionMask = 2147483647;
			files = (
			);
			runOnlyForDeploymentPostprocessing = 0;
		};
		6947BD592B2D9E5600E4CF7C /* Frameworks */ = {
			isa = PBXFrameworksBuildPhase;
			buildActionMask = 2147483647;
			files = (
			);
			runOnlyForDeploymentPostprocessing = 0;
		};
/* End PBXFrameworksBuildPhase section */

/* Begin PBXGroup section */
		6947BD262B2D9C8F00E4CF7C = {
			isa = PBXGroup;
			children = (
				6947BD312B2D9C8F00E4CF7C /* UIKitSwiftUISample */,
				6947BD4C2B2D9E3A00E4CF7C /* FeatureA */,
				6947BD5D2B2D9E5600E4CF7C /* FeatureB */,
				6947BD302B2D9C8F00E4CF7C /* Products */,
			);
			sourceTree = "<group>";
		};
		6947BD302B2D9C8F00E4CF7C /* Products */ = {
			isa = PBXGroup;
			children = (
				6947BD2F2B2D9C8F00E4CF7C /* UIKitSwiftUISample.app */,
				6947BD4B2B2D9E3A00E4CF7C /* FeatureA.framework */,
				6947BD5C2B2D9E5600E4CF7C /* FeatureB.framework */,
			);
			name = Products;
			sourceTree = "<group>";
		};
		6947BD312B2D9C8F00E4CF7C /* UIKitSwiftUISample */ = {
			isa = PBXGroup;
			children = (
				6947BD322B2D9C8F00E4CF7C /* AppDelegate.swift */,
				6947BD342B2D9C8F00E4CF7C /* SceneDelegate.swift */,
				6947BD6D2B2DA7A600E4CF7C /* MainViewController.swift */,
				6947BD362B2D9C8F00E4CF7C /* FeatureAViewController.swift */,
				6947BD6B2B2DA14A00E4CF7C /* FeatureBViewController.swift */,
				6947BD3B2B2D9C9000E4CF7C /* Assets.xcassets */,
				6947BD3D2B2D9C9000E4CF7C /* LaunchScreen.storyboard */,
				6947BD402B2D9C9000E4CF7C /* Info.plist */,
			);
			path = UIKitSwiftUISample;
			sourceTree = "<group>";
		};
		6947BD4C2B2D9E3A00E4CF7C /* FeatureA */ = {
			isa = PBXGroup;
			children = (
				6947BD4D2B2D9E3A00E4CF7C /* FeatureA.h */,
				6947BD672B2D9EC800E4CF7C /* FeatureAContainer.swift */,
			);
			path = FeatureA;
			sourceTree = "<group>";
		};
		6947BD5D2B2D9E5600E4CF7C /* FeatureB */ = {
			isa = PBXGroup;
			children = (
				6947BD5E2B2D9E5600E4CF7C /* FeatureB.h */,
				6947BD692B2DA02D00E4CF7C /* FeatureBContainer.swift */,
			);
			path = FeatureB;
			sourceTree = "<group>";
		};
/* End PBXGroup section */

/* Begin PBXHeadersBuildPhase section */
		6947BD462B2D9E3A00E4CF7C /* Headers */ = {
			isa = PBXHeadersBuildPhase;
			buildActionMask = 2147483647;
			files = (
				6947BD4E2B2D9E3A00E4CF7C /* FeatureA.h in Headers */,
			);
			runOnlyForDeploymentPostprocessing = 0;
		};
		6947BD572B2D9E5600E4CF7C /* Headers */ = {
			isa = PBXHeadersBuildPhase;
			buildActionMask = 2147483647;
			files = (
				6947BD5F2B2D9E5600E4CF7C /* FeatureB.h in Headers */,
			);
			runOnlyForDeploymentPostprocessing = 0;
		};
/* End PBXHeadersBuildPhase section */

/* Begin PBXNativeTarget section */
		6947BD2E2B2D9C8F00E4CF7C /* UIKitSwiftUISample */ = {
			isa = PBXNativeTarget;
			buildConfigurationList = 6947BD432B2D9C9000E4CF7C /* Build configuration list for PBXNativeTarget "UIKitSwiftUISample" */;
			buildPhases = (
				6947BD2B2B2D9C8F00E4CF7C /* Sources */,
				6947BD2C2B2D9C8F00E4CF7C /* Frameworks */,
				6947BD2D2B2D9C8F00E4CF7C /* Resources */,
				6947BD562B2D9E3A00E4CF7C /* Embed Frameworks */,
			);
			buildRules = (
			);
			dependencies = (
				6947BD502B2D9E3A00E4CF7C /* PBXTargetDependency */,
				6947BD612B2D9E5600E4CF7C /* PBXTargetDependency */,
			);
			name = UIKitSwiftUISample;
			productName = UIKitSwiftUISample;
			productReference = 6947BD2F2B2D9C8F00E4CF7C /* UIKitSwiftUISample.app */;
			productType = "com.apple.product-type.application";
		};
		6947BD4A2B2D9E3A00E4CF7C /* FeatureA */ = {
			isa = PBXNativeTarget;
			buildConfigurationList = 6947BD532B2D9E3A00E4CF7C /* Build configuration list for PBXNativeTarget "FeatureA" */;
			buildPhases = (
				6947BD462B2D9E3A00E4CF7C /* Headers */,
				6947BD472B2D9E3A00E4CF7C /* Sources */,
				6947BD482B2D9E3A00E4CF7C /* Frameworks */,
				6947BD492B2D9E3A00E4CF7C /* Resources */,
			);
			buildRules = (
			);
			dependencies = (
			);
			name = FeatureA;
			productName = FeatureA;
			productReference = 6947BD4B2B2D9E3A00E4CF7C /* FeatureA.framework */;
			productType = "com.apple.product-type.framework";
		};
		6947BD5B2B2D9E5600E4CF7C /* FeatureB */ = {
			isa = PBXNativeTarget;
			buildConfigurationList = 6947BD642B2D9E5600E4CF7C /* Build configuration list for PBXNativeTarget "FeatureB" */;
			buildPhases = (
				6947BD572B2D9E5600E4CF7C /* Headers */,
				6947BD582B2D9E5600E4CF7C /* Sources */,
				6947BD592B2D9E5600E4CF7C /* Frameworks */,
				6947BD5A2B2D9E5600E4CF7C /* Resources */,
			);
			buildRules = (
			);
			dependencies = (
			);
			name = FeatureB;
			productName = FeatureB;
			productReference = 6947BD5C2B2D9E5600E4CF7C /* FeatureB.framework */;
			productType = "com.apple.product-type.framework";
		};
/* End PBXNativeTarget section */

/* Begin PBXProject section */
		6947BD272B2D9C8F00E4CF7C /* Project object */ = {
			isa = PBXProject;
			attributes = {
				BuildIndependentTargetsInParallel = 1;
				LastSwiftUpdateCheck = 1510;
				LastUpgradeCheck = 1510;
				TargetAttributes = {
					6947BD2E2B2D9C8F00E4CF7C = {
						CreatedOnToolsVersion = 15.1;
					};
					6947BD4A2B2D9E3A00E4CF7C = {
						CreatedOnToolsVersion = 15.1;
						LastSwiftMigration = 1510;
					};
					6947BD5B2B2D9E5600E4CF7C = {
						CreatedOnToolsVersion = 15.1;
						LastSwiftMigration = 1510;
					};
				};
			};
			buildConfigurationList = 6947BD2A2B2D9C8F00E4CF7C /* Build configuration list for PBXProject "UIKitSwiftUISample" */;
			compatibilityVersion = "Xcode 14.0";
			developmentRegion = en;
			hasScannedForEncodings = 0;
			knownRegions = (
				en,
				Base,
			);
			mainGroup = 6947BD262B2D9C8F00E4CF7C;
			productRefGroup = 6947BD302B2D9C8F00E4CF7C /* Products */;
			projectDirPath = "";
			projectRoot = "";
			targets = (
				6947BD2E2B2D9C8F00E4CF7C /* UIKitSwiftUISample */,
				6947BD4A2B2D9E3A00E4CF7C /* FeatureA */,
				6947BD5B2B2D9E5600E4CF7C /* FeatureB */,
			);
		};
/* End PBXProject section */

/* Begin PBXResourcesBuildPhase section */
		6947BD2D2B2D9C8F00E4CF7C /* Resources */ = {
			isa = PBXResourcesBuildPhase;
			buildActionMask = 2147483647;
			files = (
				6947BD3F2B2D9C9000E4CF7C /* LaunchScreen.storyboard in Resources */,
				6947BD3C2B2D9C9000E4CF7C /* Assets.xcassets in Resources */,
			);
			runOnlyForDeploymentPostprocessing = 0;
		};
		6947BD492B2D9E3A00E4CF7C /* Resources */ = {
			isa = PBXResourcesBuildPhase;
			buildActionMask = 2147483647;
			files = (
			);
			runOnlyForDeploymentPostprocessing = 0;
		};
		6947BD5A2B2D9E5600E4CF7C /* Resources */ = {
			isa = PBXResourcesBuildPhase;
			buildActionMask = 2147483647;
			files = (
			);
			runOnlyForDeploymentPostprocessing = 0;
		};
/* End PBXResourcesBuildPhase section */

/* Begin PBXSourcesBuildPhase section */
		6947BD2B2B2D9C8F00E4CF7C /* Sources */ = {
			isa = PBXSourcesBuildPhase;
			buildActionMask = 2147483647;
			files = (
				6947BD6C2B2DA14A00E4CF7C /* FeatureBViewController.swift in Sources */,
				6947BD372B2D9C8F00E4CF7C /* FeatureAViewController.swift in Sources */,
				6947BD332B2D9C8F00E4CF7C /* AppDelegate.swift in Sources */,
				6947BD352B2D9C8F00E4CF7C /* SceneDelegate.swift in Sources */,
				6947BD6E2B2DA7A600E4CF7C /* MainViewController.swift in Sources */,
			);
			runOnlyForDeploymentPostprocessing = 0;
		};
		6947BD472B2D9E3A00E4CF7C /* Sources */ = {
			isa = PBXSourcesBuildPhase;
			buildActionMask = 2147483647;
			files = (
				6947BD682B2D9EC800E4CF7C /* FeatureAContainer.swift in Sources */,
			);
			runOnlyForDeploymentPostprocessing = 0;
		};
		6947BD582B2D9E5600E4CF7C /* Sources */ = {
			isa = PBXSourcesBuildPhase;
			buildActionMask = 2147483647;
			files = (
				6947BD6A2B2DA02D00E4CF7C /* FeatureBContainer.swift in Sources */,
			);
			runOnlyForDeploymentPostprocessing = 0;
		};
/* End PBXSourcesBuildPhase section */

/* Begin PBXTargetDependency section */
		6947BD502B2D9E3A00E4CF7C /* PBXTargetDependency */ = {
			isa = PBXTargetDependency;
			target = 6947BD4A2B2D9E3A00E4CF7C /* FeatureA */;
			targetProxy = 6947BD4F2B2D9E3A00E4CF7C /* PBXContainerItemProxy */;
		};
		6947BD612B2D9E5600E4CF7C /* PBXTargetDependency */ = {
			isa = PBXTargetDependency;
			target = 6947BD5B2B2D9E5600E4CF7C /* FeatureB */;
			targetProxy = 6947BD602B2D9E5600E4CF7C /* PBXContainerItemProxy */;
		};
/* End PBXTargetDependency section */

/* Begin PBXVariantGroup section */
		6947BD3D2B2D9C9000E4CF7C /* LaunchScreen.storyboard */ = {
			isa = PBXVariantGroup;
			children = (
				6947BD3E2B2D9C9000E4CF7C /* Base */,
			);
			name = LaunchScreen.storyboard;
			sourceTree = "<group>";
		};
/* End PBXVariantGroup section */

/* Begin XCBuildConfiguration section */
		6947BD412B2D9C9000E4CF7C /* Debug */ = {
			isa = XCBuildConfiguration;
			buildSettings = {
				ALWAYS_SEARCH_USER_PATHS = NO;
				ASSETCATALOG_COMPILER_GENERATE_SWIFT_ASSET_SYMBOL_EXTENSIONS = YES;
				CLANG_ANALYZER_NONNULL = YES;
				CLANG_ANALYZER_NUMBER_OBJECT_CONVERSION = YES_AGGRESSIVE;
				CLANG_CXX_LANGUAGE_STANDARD = "gnu++20";
				CLANG_ENABLE_MODULES = YES;
				CLANG_ENABLE_OBJC_ARC = YES;
				CLANG_ENABLE_OBJC_WEAK = YES;
				CLANG_WARN_BLOCK_CAPTURE_AUTORELEASING = YES;
				CLANG_WARN_BOOL_CONVERSION = YES;
				CLANG_WARN_COMMA = YES;
				CLANG_WARN_CONSTANT_CONVERSION = YES;
				CLANG_WARN_DEPRECATED_OBJC_IMPLEMENTATIONS = YES;
				CLANG_WARN_DIRECT_OBJC_ISA_USAGE = YES_ERROR;
				CLANG_WARN_DOCUMENTATION_COMMENTS = YES;
				CLANG_WARN_EMPTY_BODY = YES;
				CLANG_WARN_ENUM_CONVERSION = YES;
				CLANG_WARN_INFINITE_RECURSION = YES;
				CLANG_WARN_INT_CONVERSION = YES;
				CLANG_WARN_NON_LITERAL_NULL_CONVERSION = YES;
				CLANG_WARN_OBJC_IMPLICIT_RETAIN_SELF = YES;
				CLANG_WARN_OBJC_LITERAL_CONVERSION = YES;
				CLANG_WARN_OBJC_ROOT_CLASS = YES_ERROR;
				CLANG_WARN_QUOTED_INCLUDE_IN_FRAMEWORK_HEADER = YES;
				CLANG_WARN_RANGE_LOOP_ANALYSIS = YES;
				CLANG_WARN_STRICT_PROTOTYPES = YES;
				CLANG_WARN_SUSPICIOUS_MOVE = YES;
				CLANG_WARN_UNGUARDED_AVAILABILITY = YES_AGGRESSIVE;
				CLANG_WARN_UNREACHABLE_CODE = YES;
				CLANG_WARN__DUPLICATE_METHOD_MATCH = YES;
				COPY_PHASE_STRIP = NO;
				DEBUG_INFORMATION_FORMAT = dwarf;
				ENABLE_STRICT_OBJC_MSGSEND = YES;
				ENABLE_TESTABILITY = YES;
				ENABLE_USER_SCRIPT_SANDBOXING = YES;
				GCC_C_LANGUAGE_STANDARD = gnu17;
				GCC_DYNAMIC_NO_PIC = NO;
				GCC_NO_COMMON_BLOCKS = YES;
				GCC_OPTIMIZATION_LEVEL = 0;
				GCC_PREPROCESSOR_DEFINITIONS = (
					"DEBUG=1",
					"$(inherited)",
				);
				GCC_WARN_64_TO_32_BIT_CONVERSION = YES;
				GCC_WARN_ABOUT_RETURN_TYPE = YES_ERROR;
				GCC_WARN_UNDECLARED_SELECTOR = YES;
				GCC_WARN_UNINITIALIZED_AUTOS = YES_AGGRESSIVE;
				GCC_WARN_UNUSED_FUNCTION = YES;
				GCC_WARN_UNUSED_VARIABLE = YES;
				IPHONEOS_DEPLOYMENT_TARGET = 17.2;
				LOCALIZATION_PREFERS_STRING_CATALOGS = YES;
				MTL_ENABLE_DEBUG_INFO = INCLUDE_SOURCE;
				MTL_FAST_MATH = YES;
				ONLY_ACTIVE_ARCH = YES;
				SDKROOT = iphoneos;
				SWIFT_ACTIVE_COMPILATION_CONDITIONS = "DEBUG $(inherited)";
				SWIFT_OPTIMIZATION_LEVEL = "-Onone";
			};
			name = Debug;
		};
		6947BD422B2D9C9000E4CF7C /* Release */ = {
			isa = XCBuildConfiguration;
			buildSettings = {
				ALWAYS_SEARCH_USER_PATHS = NO;
				ASSETCATALOG_COMPILER_GENERATE_SWIFT_ASSET_SYMBOL_EXTENSIONS = YES;
				CLANG_ANALYZER_NONNULL = YES;
				CLANG_ANALYZER_NUMBER_OBJECT_CONVERSION = YES_AGGRESSIVE;
				CLANG_CXX_LANGUAGE_STANDARD = "gnu++20";
				CLANG_ENABLE_MODULES = YES;
				CLANG_ENABLE_OBJC_ARC = YES;
				CLANG_ENABLE_OBJC_WEAK = YES;
				CLANG_WARN_BLOCK_CAPTURE_AUTORELEASING = YES;
				CLANG_WARN_BOOL_CONVERSION = YES;
				CLANG_WARN_COMMA = YES;
				CLANG_WARN_CONSTANT_CONVERSION = YES;
				CLANG_WARN_DEPRECATED_OBJC_IMPLEMENTATIONS = YES;
				CLANG_WARN_DIRECT_OBJC_ISA_USAGE = YES_ERROR;
				CLANG_WARN_DOCUMENTATION_COMMENTS = YES;
				CLANG_WARN_EMPTY_BODY = YES;
				CLANG_WARN_ENUM_CONVERSION = YES;
				CLANG_WARN_INFINITE_RECURSION = YES;
				CLANG_WARN_INT_CONVERSION = YES;
				CLANG_WARN_NON_LITERAL_NULL_CONVERSION = YES;
				CLANG_WARN_OBJC_IMPLICIT_RETAIN_SELF = YES;
				CLANG_WARN_OBJC_LITERAL_CONVERSION = YES;
				CLANG_WARN_OBJC_ROOT_CLASS = YES_ERROR;
				CLANG_WARN_QUOTED_INCLUDE_IN_FRAMEWORK_HEADER = YES;
				CLANG_WARN_RANGE_LOOP_ANALYSIS = YES;
				CLANG_WARN_STRICT_PROTOTYPES = YES;
				CLANG_WARN_SUSPICIOUS_MOVE = YES;
				CLANG_WARN_UNGUARDED_AVAILABILITY = YES_AGGRESSIVE;
				CLANG_WARN_UNREACHABLE_CODE = YES;
				CLANG_WARN__DUPLICATE_METHOD_MATCH = YES;
				COPY_PHASE_STRIP = NO;
				DEBUG_INFORMATION_FORMAT = "dwarf-with-dsym";
				ENABLE_NS_ASSERTIONS = NO;
				ENABLE_STRICT_OBJC_MSGSEND = YES;
				ENABLE_USER_SCRIPT_SANDBOXING = YES;
				GCC_C_LANGUAGE_STANDARD = gnu17;
				GCC_NO_COMMON_BLOCKS = YES;
				GCC_WARN_64_TO_32_BIT_CONVERSION = YES;
				GCC_WARN_ABOUT_RETURN_TYPE = YES_ERROR;
				GCC_WARN_UNDECLARED_SELECTOR = YES;
				GCC_WARN_UNINITIALIZED_AUTOS = YES_AGGRESSIVE;
				GCC_WARN_UNUSED_FUNCTION = YES;
				GCC_WARN_UNUSED_VARIABLE = YES;
				IPHONEOS_DEPLOYMENT_TARGET = 17.2;
				LOCALIZATION_PREFERS_STRING_CATALOGS = YES;
				MTL_ENABLE_DEBUG_INFO = NO;
				MTL_FAST_MATH = YES;
				SDKROOT = iphoneos;
				SWIFT_COMPILATION_MODE = wholemodule;
				VALIDATE_PRODUCT = YES;
			};
			name = Release;
		};
		6947BD442B2D9C9000E4CF7C /* Debug */ = {
			isa = XCBuildConfiguration;
			buildSettings = {
				ALWAYS_EMBED_SWIFT_STANDARD_LIBRARIES = YES;
				ASSETCATALOG_COMPILER_APPICON_NAME = AppIcon;
				ASSETCATALOG_COMPILER_GLOBAL_ACCENT_COLOR_NAME = AccentColor;
				CODE_SIGN_STYLE = Automatic;
				CURRENT_PROJECT_VERSION = 1;
				DEVELOPMENT_TEAM = UAURDU4U39;
				GENERATE_INFOPLIST_FILE = YES;
				INFOPLIST_FILE = UIKitSwiftUISample/Info.plist;
				INFOPLIST_KEY_UIApplicationSupportsIndirectInputEvents = YES;
				INFOPLIST_KEY_UILaunchStoryboardName = LaunchScreen.storyboard;
				INFOPLIST_KEY_UISupportedInterfaceOrientations_iPad = "UIInterfaceOrientationPortrait UIInterfaceOrientationPortraitUpsideDown UIInterfaceOrientationLandscapeLeft UIInterfaceOrientationLandscapeRight";
				INFOPLIST_KEY_UISupportedInterfaceOrientations_iPhone = "UIInterfaceOrientationPortrait UIInterfaceOrientationLandscapeLeft UIInterfaceOrientationLandscapeRight";
				LD_RUNPATH_SEARCH_PATHS = (
					"$(inherited)",
					"@executable_path/Frameworks",
				);
				MARKETING_VERSION = 1.0;
				PRODUCT_BUNDLE_IDENTIFIER = com.example.uikit.swiftui.sample;
				PRODUCT_NAME = "$(TARGET_NAME)";
				SWIFT_EMIT_LOC_STRINGS = YES;
				SWIFT_VERSION = 5.0;
				TARGETED_DEVICE_FAMILY = "1,2";
			};
			name = Debug;
		};
		6947BD452B2D9C9000E4CF7C /* Release */ = {
			isa = XCBuildConfiguration;
			buildSettings = {
				ALWAYS_EMBED_SWIFT_STANDARD_LIBRARIES = YES;
				ASSETCATALOG_COMPILER_APPICON_NAME = AppIcon;
				ASSETCATALOG_COMPILER_GLOBAL_ACCENT_COLOR_NAME = AccentColor;
				CODE_SIGN_STYLE = Automatic;
				CURRENT_PROJECT_VERSION = 1;
				DEVELOPMENT_TEAM = UAURDU4U39;
				GENERATE_INFOPLIST_FILE = YES;
				INFOPLIST_FILE = UIKitSwiftUISample/Info.plist;
				INFOPLIST_KEY_UIApplicationSupportsIndirectInputEvents = YES;
				INFOPLIST_KEY_UILaunchStoryboardName = LaunchScreen.storyboard;
				INFOPLIST_KEY_UISupportedInterfaceOrientations_iPad = "UIInterfaceOrientationPortrait UIInterfaceOrientationPortraitUpsideDown UIInterfaceOrientationLandscapeLeft UIInterfaceOrientationLandscapeRight";
				INFOPLIST_KEY_UISupportedInterfaceOrientations_iPhone = "UIInterfaceOrientationPortrait UIInterfaceOrientationLandscapeLeft UIInterfaceOrientationLandscapeRight";
				LD_RUNPATH_SEARCH_PATHS = (
					"$(inherited)",
					"@executable_path/Frameworks",
				);
				MARKETING_VERSION = 1.0;
				PRODUCT_BUNDLE_IDENTIFIER = com.example.uikit.swiftui.sample;
				PRODUCT_NAME = "$(TARGET_NAME)";
				SWIFT_EMIT_LOC_STRINGS = YES;
				SWIFT_VERSION = 5.0;
				TARGETED_DEVICE_FAMILY = "1,2";
			};
			name = Release;
		};
		6947BD542B2D9E3A00E4CF7C /* Debug */ = {
			isa = XCBuildConfiguration;
			buildSettings = {
				CLANG_ENABLE_MODULES = YES;
				CODE_SIGN_STYLE = Automatic;
				CURRENT_PROJECT_VERSION = 1;
				DEFINES_MODULE = YES;
				DEVELOPMENT_TEAM = UAURDU4U39;
				DYLIB_COMPATIBILITY_VERSION = 1;
				DYLIB_CURRENT_VERSION = 1;
				DYLIB_INSTALL_NAME_BASE = "@rpath";
				ENABLE_MODULE_VERIFIER = YES;
				GENERATE_INFOPLIST_FILE = YES;
				INFOPLIST_KEY_NSHumanReadableCopyright = "";
				INSTALL_PATH = "$(LOCAL_LIBRARY_DIR)/Frameworks";
				LD_RUNPATH_SEARCH_PATHS = (
					"$(inherited)",
					"@executable_path/Frameworks",
					"@loader_path/Frameworks",
				);
				MARKETING_VERSION = 1.0;
				MODULE_VERIFIER_SUPPORTED_LANGUAGES = "objective-c objective-c++";
				MODULE_VERIFIER_SUPPORTED_LANGUAGE_STANDARDS = "gnu17 gnu++20";
				PRODUCT_BUNDLE_IDENTIFIER = com.example.uikit.swiftui.sample.feature.a.FeatureA;
				PRODUCT_NAME = "$(TARGET_NAME:c99extidentifier)";
				SKIP_INSTALL = YES;
				SWIFT_EMIT_LOC_STRINGS = YES;
				SWIFT_OPTIMIZATION_LEVEL = "-Onone";
				SWIFT_VERSION = 5.0;
				TARGETED_DEVICE_FAMILY = "1,2";
				VERSIONING_SYSTEM = "apple-generic";
				VERSION_INFO_PREFIX = "";
			};
			name = Debug;
		};
		6947BD552B2D9E3A00E4CF7C /* Release */ = {
			isa = XCBuildConfiguration;
			buildSettings = {
				CLANG_ENABLE_MODULES = YES;
				CODE_SIGN_STYLE = Automatic;
				CURRENT_PROJECT_VERSION = 1;
				DEFINES_MODULE = YES;
				DEVELOPMENT_TEAM = UAURDU4U39;
				DYLIB_COMPATIBILITY_VERSION = 1;
				DYLIB_CURRENT_VERSION = 1;
				DYLIB_INSTALL_NAME_BASE = "@rpath";
				ENABLE_MODULE_VERIFIER = YES;
				GENERATE_INFOPLIST_FILE = YES;
				INFOPLIST_KEY_NSHumanReadableCopyright = "";
				INSTALL_PATH = "$(LOCAL_LIBRARY_DIR)/Frameworks";
				LD_RUNPATH_SEARCH_PATHS = (
					"$(inherited)",
					"@executable_path/Frameworks",
					"@loader_path/Frameworks",
				);
				MARKETING_VERSION = 1.0;
				MODULE_VERIFIER_SUPPORTED_LANGUAGES = "objective-c objective-c++";
				MODULE_VERIFIER_SUPPORTED_LANGUAGE_STANDARDS = "gnu17 gnu++20";
				PRODUCT_BUNDLE_IDENTIFIER = com.example.uikit.swiftui.sample.feature.a.FeatureA;
				PRODUCT_NAME = "$(TARGET_NAME:c99extidentifier)";
				SKIP_INSTALL = YES;
				SWIFT_EMIT_LOC_STRINGS = YES;
				SWIFT_VERSION = 5.0;
				TARGETED_DEVICE_FAMILY = "1,2";
				VERSIONING_SYSTEM = "apple-generic";
				VERSION_INFO_PREFIX = "";
			};
			name = Release;
		};
		6947BD652B2D9E5600E4CF7C /* Debug */ = {
			isa = XCBuildConfiguration;
			buildSettings = {
				CLANG_ENABLE_MODULES = YES;
				CODE_SIGN_STYLE = Automatic;
				CURRENT_PROJECT_VERSION = 1;
				DEFINES_MODULE = YES;
				DEVELOPMENT_TEAM = UAURDU4U39;
				DYLIB_COMPATIBILITY_VERSION = 1;
				DYLIB_CURRENT_VERSION = 1;
				DYLIB_INSTALL_NAME_BASE = "@rpath";
				ENABLE_MODULE_VERIFIER = YES;
				GENERATE_INFOPLIST_FILE = YES;
				INFOPLIST_KEY_NSHumanReadableCopyright = "";
				INSTALL_PATH = "$(LOCAL_LIBRARY_DIR)/Frameworks";
				LD_RUNPATH_SEARCH_PATHS = (
					"$(inherited)",
					"@executable_path/Frameworks",
					"@loader_path/Frameworks",
				);
				MARKETING_VERSION = 1.0;
				MODULE_VERIFIER_SUPPORTED_LANGUAGES = "objective-c objective-c++";
				MODULE_VERIFIER_SUPPORTED_LANGUAGE_STANDARDS = "gnu17 gnu++20";
				PRODUCT_BUNDLE_IDENTIFIER = com.example.uikit.swiftui.sample.feature.b;
				PRODUCT_NAME = "$(TARGET_NAME:c99extidentifier)";
				SKIP_INSTALL = YES;
				SWIFT_EMIT_LOC_STRINGS = YES;
				SWIFT_OPTIMIZATION_LEVEL = "-Onone";
				SWIFT_VERSION = 5.0;
				TARGETED_DEVICE_FAMILY = "1,2";
				VERSIONING_SYSTEM = "apple-generic";
				VERSION_INFO_PREFIX = "";
			};
			name = Debug;
		};
		6947BD662B2D9E5600E4CF7C /* Release */ = {
			isa = XCBuildConfiguration;
			buildSettings = {
				CLANG_ENABLE_MODULES = YES;
				CODE_SIGN_STYLE = Automatic;
				CURRENT_PROJECT_VERSION = 1;
				DEFINES_MODULE = YES;
				DEVELOPMENT_TEAM = UAURDU4U39;
				DYLIB_COMPATIBILITY_VERSION = 1;
				DYLIB_CURRENT_VERSION = 1;
				DYLIB_INSTALL_NAME_BASE = "@rpath";
				ENABLE_MODULE_VERIFIER = YES;
				GENERATE_INFOPLIST_FILE = YES;
				INFOPLIST_KEY_NSHumanReadableCopyright = "";
				INSTALL_PATH = "$(LOCAL_LIBRARY_DIR)/Frameworks";
				LD_RUNPATH_SEARCH_PATHS = (
					"$(inherited)",
					"@executable_path/Frameworks",
					"@loader_path/Frameworks",
				);
				MARKETING_VERSION = 1.0;
				MODULE_VERIFIER_SUPPORTED_LANGUAGES = "objective-c objective-c++";
				MODULE_VERIFIER_SUPPORTED_LANGUAGE_STANDARDS = "gnu17 gnu++20";
				PRODUCT_BUNDLE_IDENTIFIER = com.example.uikit.swiftui.sample.feature.b;
				PRODUCT_NAME = "$(TARGET_NAME:c99extidentifier)";
				SKIP_INSTALL = YES;
				SWIFT_EMIT_LOC_STRINGS = YES;
				SWIFT_VERSION = 5.0;
				TARGETED_DEVICE_FAMILY = "1,2";
				VERSIONING_SYSTEM = "apple-generic";
				VERSION_INFO_PREFIX = "";
			};
			name = Release;
		};
/* End XCBuildConfiguration section */

/* Begin XCConfigurationList section */
		6947BD2A2B2D9C8F00E4CF7C /* Build configuration list for PBXProject "UIKitSwiftUISample" */ = {
			isa = XCConfigurationList;
			buildConfigurations = (
				6947BD412B2D9C9000E4CF7C /* Debug */,
				6947BD422B2D9C9000E4CF7C /* Release */,
			);
			defaultConfigurationIsVisible = 0;
			defaultConfigurationName = Release;
		};
		6947BD432B2D9C9000E4CF7C /* Build configuration list for PBXNativeTarget "UIKitSwiftUISample" */ = {
			isa = XCConfigurationList;
			buildConfigurations = (
				6947BD442B2D9C9000E4CF7C /* Debug */,
				6947BD452B2D9C9000E4CF7C /* Release */,
			);
			defaultConfigurationIsVisible = 0;
			defaultConfigurationName = Release;
		};
		6947BD532B2D9E3A00E4CF7C /* Build configuration list for PBXNativeTarget "FeatureA" */ = {
			isa = XCConfigurationList;
			buildConfigurations = (
				6947BD542B2D9E3A00E4CF7C /* Debug */,
				6947BD552B2D9E3A00E4CF7C /* Release */,
			);
			defaultConfigurationIsVisible = 0;
			defaultConfigurationName = Release;
		};
		6947BD642B2D9E5600E4CF7C /* Build configuration list for PBXNativeTarget "FeatureB" */ = {
			isa = XCConfigurationList;
			buildConfigurations = (
				6947BD652B2D9E5600E4CF7C /* Debug */,
				6947BD662B2D9E5600E4CF7C /* Release */,
			);
			defaultConfigurationIsVisible = 0;
			defaultConfigurationName = Release;
		};
/* End XCConfigurationList section */
	};
	rootObject = 6947BD272B2D9C8F00E4CF7C /* Project object */;
}
